{
    "_readme": [
        "This file locks the dependencies of your project to a known state",
        "Read more about it at https://getcomposer.org/doc/01-basic-usage.md#installing-dependencies",
        "This file is @generated automatically"
    ],
    "content-hash": "2c8010dedab01830bba9ece9e4e14842",
    "packages": [
        {
            "name": "doctrine/annotations",
            "version": "2.0.2",
            "source": {
                "type": "git",
                "url": "https://github.com/doctrine/annotations.git",
                "reference": "901c2ee5d26eb64ff43c47976e114bf00843acf7"
            },
            "dist": {
                "type": "zip",
                "url": "https://api.github.com/repos/doctrine/annotations/zipball/901c2ee5d26eb64ff43c47976e114bf00843acf7",
                "reference": "901c2ee5d26eb64ff43c47976e114bf00843acf7",
                "shasum": ""
            },
            "require": {
                "doctrine/lexer": "^2 || ^3",
                "ext-tokenizer": "*",
                "php": "^7.2 || ^8.0",
                "psr/cache": "^1 || ^2 || ^3"
            },
            "require-dev": {
                "doctrine/cache": "^2.0",
                "doctrine/coding-standard": "^10",
                "phpstan/phpstan": "^1.10.28",
                "phpunit/phpunit": "^7.5 || ^8.5 || ^9.5",
                "symfony/cache": "^5.4 || ^6.4 || ^7",
                "vimeo/psalm": "^4.30 || ^5.14"
            },
            "suggest": {
                "php": "PHP 8.0 or higher comes with attributes, a native replacement for annotations"
            },
            "type": "library",
            "autoload": {
                "psr-4": {
                    "Doctrine\\Common\\Annotations\\": "lib/Doctrine/Common/Annotations"
                }
            },
            "notification-url": "https://packagist.org/downloads/",
            "license": [
                "MIT"
            ],
            "authors": [
                {
                    "name": "Guilherme Blanco",
                    "email": "guilhermeblanco@gmail.com"
                },
                {
                    "name": "Roman Borschel",
                    "email": "roman@code-factory.org"
                },
                {
                    "name": "Benjamin Eberlei",
                    "email": "kontakt@beberlei.de"
                },
                {
                    "name": "Jonathan Wage",
                    "email": "jonwage@gmail.com"
                },
                {
                    "name": "Johannes Schmitt",
                    "email": "schmittjoh@gmail.com"
                }
            ],
            "description": "Docblock Annotations Parser",
            "homepage": "https://www.doctrine-project.org/projects/annotations.html",
            "keywords": [
                "annotations",
                "docblock",
                "parser"
            ],
            "support": {
                "issues": "https://github.com/doctrine/annotations/issues",
                "source": "https://github.com/doctrine/annotations/tree/2.0.2"
            },
            "time": "2024-09-05T10:17:24+00:00"
        },
        {
            "name": "doctrine/lexer",
            "version": "3.0.1",
            "source": {
                "type": "git",
                "url": "https://github.com/doctrine/lexer.git",
                "reference": "31ad66abc0fc9e1a1f2d9bc6a42668d2fbbcd6dd"
            },
            "dist": {
                "type": "zip",
                "url": "https://api.github.com/repos/doctrine/lexer/zipball/31ad66abc0fc9e1a1f2d9bc6a42668d2fbbcd6dd",
                "reference": "31ad66abc0fc9e1a1f2d9bc6a42668d2fbbcd6dd",
                "shasum": ""
            },
            "require": {
                "php": "^8.1"
            },
            "require-dev": {
                "doctrine/coding-standard": "^12",
                "phpstan/phpstan": "^1.10",
                "phpunit/phpunit": "^10.5",
                "psalm/plugin-phpunit": "^0.18.3",
                "vimeo/psalm": "^5.21"
            },
            "type": "library",
            "autoload": {
                "psr-4": {
                    "Doctrine\\Common\\Lexer\\": "src"
                }
            },
            "notification-url": "https://packagist.org/downloads/",
            "license": [
                "MIT"
            ],
            "authors": [
                {
                    "name": "Guilherme Blanco",
                    "email": "guilhermeblanco@gmail.com"
                },
                {
                    "name": "Roman Borschel",
                    "email": "roman@code-factory.org"
                },
                {
                    "name": "Johannes Schmitt",
                    "email": "schmittjoh@gmail.com"
                }
            ],
            "description": "PHP Doctrine Lexer parser library that can be used in Top-Down, Recursive Descent Parsers.",
            "homepage": "https://www.doctrine-project.org/projects/lexer.html",
            "keywords": [
                "annotations",
                "docblock",
                "lexer",
                "parser",
                "php"
            ],
            "support": {
                "issues": "https://github.com/doctrine/lexer/issues",
                "source": "https://github.com/doctrine/lexer/tree/3.0.1"
            },
            "funding": [
                {
                    "url": "https://www.doctrine-project.org/sponsorship.html",
                    "type": "custom"
                },
                {
                    "url": "https://www.patreon.com/phpdoctrine",
                    "type": "patreon"
                },
                {
                    "url": "https://tidelift.com/funding/github/packagist/doctrine%2Flexer",
                    "type": "tidelift"
                }
            ],
            "time": "2024-02-05T11:56:58+00:00"
        },
        {
            "name": "psr/cache",
            "version": "3.0.0",
            "source": {
                "type": "git",
                "url": "https://github.com/php-fig/cache.git",
                "reference": "aa5030cfa5405eccfdcb1083ce040c2cb8d253bf"
            },
            "dist": {
                "type": "zip",
                "url": "https://api.github.com/repos/php-fig/cache/zipball/aa5030cfa5405eccfdcb1083ce040c2cb8d253bf",
                "reference": "aa5030cfa5405eccfdcb1083ce040c2cb8d253bf",
                "shasum": ""
            },
            "require": {
                "php": ">=8.0.0"
            },
            "type": "library",
            "extra": {
                "branch-alias": {
                    "dev-master": "1.0.x-dev"
                }
            },
            "autoload": {
                "psr-4": {
                    "Psr\\Cache\\": "src/"
                }
            },
            "notification-url": "https://packagist.org/downloads/",
            "license": [
                "MIT"
            ],
            "authors": [
                {
                    "name": "PHP-FIG",
                    "homepage": "https://www.php-fig.org/"
                }
            ],
            "description": "Common interface for caching libraries",
            "keywords": [
                "cache",
                "psr",
                "psr-6"
            ],
            "support": {
                "source": "https://github.com/php-fig/cache/tree/3.0.0"
            },
            "time": "2021-02-03T23:26:27+00:00"
        },
        {
            "name": "symfony/deprecation-contracts",
            "version": "v3.5.1",
            "source": {
                "type": "git",
                "url": "https://github.com/symfony/deprecation-contracts.git",
                "reference": "74c71c939a79f7d5bf3c1ce9f5ea37ba0114c6f6"
            },
            "dist": {
                "type": "zip",
                "url": "https://api.github.com/repos/symfony/deprecation-contracts/zipball/74c71c939a79f7d5bf3c1ce9f5ea37ba0114c6f6",
                "reference": "74c71c939a79f7d5bf3c1ce9f5ea37ba0114c6f6",
                "shasum": ""
            },
            "require": {
                "php": ">=8.1"
            },
            "type": "library",
            "extra": {
                "thanks": {
                    "url": "https://github.com/symfony/contracts",
                    "name": "symfony/contracts"
                },
                "branch-alias": {
                    "dev-main": "3.5-dev"
                }
            },
            "autoload": {
                "files": [
                    "function.php"
                ]
            },
            "notification-url": "https://packagist.org/downloads/",
            "license": [
                "MIT"
            ],
            "authors": [
                {
                    "name": "Nicolas Grekas",
                    "email": "p@tchwork.com"
                },
                {
                    "name": "Symfony Community",
                    "homepage": "https://symfony.com/contributors"
                }
            ],
            "description": "A generic function and convention to trigger deprecation notices",
            "homepage": "https://symfony.com",
            "support": {
                "source": "https://github.com/symfony/deprecation-contracts/tree/v3.5.1"
            },
            "funding": [
                {
                    "url": "https://symfony.com/sponsor",
                    "type": "custom"
                },
                {
                    "url": "https://github.com/fabpot",
                    "type": "github"
                },
                {
                    "url": "https://tidelift.com/funding/github/packagist/symfony/symfony",
                    "type": "tidelift"
                }
            ],
            "time": "2024-09-25T14:20:29+00:00"
        },
        {
            "name": "symfony/polyfill-ctype",
            "version": "v1.31.0",
            "source": {
                "type": "git",
                "url": "https://github.com/symfony/polyfill-ctype.git",
                "reference": "a3cc8b044a6ea513310cbd48ef7333b384945638"
            },
            "dist": {
                "type": "zip",
                "url": "https://api.github.com/repos/symfony/polyfill-ctype/zipball/a3cc8b044a6ea513310cbd48ef7333b384945638",
                "reference": "a3cc8b044a6ea513310cbd48ef7333b384945638",
                "shasum": ""
            },
            "require": {
                "php": ">=7.2"
            },
            "provide": {
                "ext-ctype": "*"
            },
            "suggest": {
                "ext-ctype": "For best performance"
            },
            "type": "library",
            "extra": {
                "thanks": {
                    "url": "https://github.com/symfony/polyfill",
                    "name": "symfony/polyfill"
                }
            },
            "autoload": {
                "files": [
                    "bootstrap.php"
                ],
                "psr-4": {
                    "Symfony\\Polyfill\\Ctype\\": ""
                }
            },
            "notification-url": "https://packagist.org/downloads/",
            "license": [
                "MIT"
            ],
            "authors": [
                {
                    "name": "Gert de Pagter",
                    "email": "BackEndTea@gmail.com"
                },
                {
                    "name": "Symfony Community",
                    "homepage": "https://symfony.com/contributors"
                }
            ],
            "description": "Symfony polyfill for ctype functions",
            "homepage": "https://symfony.com",
            "keywords": [
                "compatibility",
                "ctype",
                "polyfill",
                "portable"
            ],
            "support": {
                "source": "https://github.com/symfony/polyfill-ctype/tree/v1.31.0"
            },
            "funding": [
                {
                    "url": "https://symfony.com/sponsor",
                    "type": "custom"
                },
                {
                    "url": "https://github.com/fabpot",
                    "type": "github"
                },
                {
                    "url": "https://tidelift.com/funding/github/packagist/symfony/symfony",
                    "type": "tidelift"
                }
            ],
            "time": "2024-09-09T11:45:10+00:00"
        },
        {
            "name": "symfony/serializer",
            "version": "v7.2.4",
            "source": {
                "type": "git",
                "url": "https://github.com/symfony/serializer.git",
                "reference": "d3e6cd13f035e1061647f0144b5623a1e7e775ba"
            },
            "dist": {
                "type": "zip",
                "url": "https://api.github.com/repos/symfony/serializer/zipball/d3e6cd13f035e1061647f0144b5623a1e7e775ba",
                "reference": "d3e6cd13f035e1061647f0144b5623a1e7e775ba",
                "shasum": ""
            },
            "require": {
                "php": ">=8.2",
                "symfony/deprecation-contracts": "^2.5|^3",
                "symfony/polyfill-ctype": "~1.8"
            },
            "conflict": {
                "phpdocumentor/reflection-docblock": "<3.2.2",
                "phpdocumentor/type-resolver": "<1.4.0",
                "symfony/dependency-injection": "<6.4",
                "symfony/property-access": "<6.4",
                "symfony/property-info": "<6.4",
                "symfony/uid": "<6.4",
                "symfony/validator": "<6.4",
                "symfony/yaml": "<6.4"
            },
            "require-dev": {
                "phpdocumentor/reflection-docblock": "^3.2|^4.0|^5.0",
                "phpstan/phpdoc-parser": "^1.0|^2.0",
                "seld/jsonlint": "^1.10",
                "symfony/cache": "^6.4|^7.0",
                "symfony/config": "^6.4|^7.0",
                "symfony/console": "^6.4|^7.0",
                "symfony/dependency-injection": "^7.2",
                "symfony/error-handler": "^6.4|^7.0",
                "symfony/filesystem": "^6.4|^7.0",
                "symfony/form": "^6.4|^7.0",
                "symfony/http-foundation": "^6.4|^7.0",
                "symfony/http-kernel": "^6.4|^7.0",
                "symfony/messenger": "^6.4|^7.0",
                "symfony/mime": "^6.4|^7.0",
                "symfony/property-access": "^6.4|^7.0",
                "symfony/property-info": "^6.4|^7.0",
                "symfony/translation-contracts": "^2.5|^3",
                "symfony/type-info": "^7.1",
                "symfony/uid": "^6.4|^7.0",
                "symfony/validator": "^6.4|^7.0",
                "symfony/var-dumper": "^6.4|^7.0",
                "symfony/var-exporter": "^6.4|^7.0",
                "symfony/yaml": "^6.4|^7.0"
            },
            "type": "library",
            "autoload": {
                "psr-4": {
                    "Symfony\\Component\\Serializer\\": ""
                },
                "exclude-from-classmap": [
                    "/Tests/"
                ]
            },
            "notification-url": "https://packagist.org/downloads/",
            "license": [
                "MIT"
            ],
            "authors": [
                {
                    "name": "Fabien Potencier",
                    "email": "fabien@symfony.com"
                },
                {
                    "name": "Symfony Community",
                    "homepage": "https://symfony.com/contributors"
                }
            ],
            "description": "Handles serializing and deserializing data structures, including object graphs, into array structures or other formats like XML and JSON.",
            "homepage": "https://symfony.com",
            "support": {
                "source": "https://github.com/symfony/serializer/tree/v7.2.4"
            },
            "funding": [
                {
                    "url": "https://symfony.com/sponsor",
                    "type": "custom"
                },
                {
                    "url": "https://github.com/fabpot",
                    "type": "github"
                },
                {
                    "url": "https://tidelift.com/funding/github/packagist/symfony/symfony",
                    "type": "tidelift"
                }
            ],
            "time": "2025-02-24T10:49:57+00:00"
        }
    ],
    "packages-dev": [],
    "aliases": [],
    "minimum-stability": "stable",
    "stability-flags": {},
    "prefer-stable": false,
    "prefer-lowest": false,
    "platform": {},
    "platform-dev": {},
    "plugin-api-version": "2.6.0"
}
